
Microsoft Visual Studio Solution File, Format Version 12.00
# Visual Studio Version 16
VisualStudioVersion = 16.0.31321.278
MinimumVisualStudioVersion = 10.0.40219.1
Project("{9A19103F-16F7-4668-BE54-9A1E7A4F7556}") = "ITJobSearch.API", "src\ITJobSearch.API\ITJobSearch.API.csproj", "{96B18951-01EC-41DF-9CE1-0D0D5EF8481B}"
EndProject
Project("{9A19103F-16F7-4668-BE54-9A1E7A4F7556}") = "ITJobSearch.Domain", "src\ITJobSearch.Domain\ITJobSearch.Domain.csproj", "{2B4DE248-DC15-4FA3-A0D5-AE0176F6C101}"
EndProject
Project("{9A19103F-16F7-4668-BE54-9A1E7A4F7556}") = "ITJobSearch.Infrastructure", "src\ITJobSearch.Infrastructure\ITJobSearch.Infrastructure.csproj", "{0D3997AE-0A4E-485B-9358-BB65961BE250}"
EndProject
Project("{2150E333-8FDC-42A3-9474-1A3956D46DE8}") = "tests", "tests", "{30169741-3389-4D2E-9DED-33657867611D}"
EndProject
Global
	GlobalSection(SolutionConfigurationPlatforms) = preSolution
		Debug|Any CPU = Debug|Any CPU
		Release|Any CPU = Release|Any CPU
	EndGlobalSection
	GlobalSection(ProjectConfigurationPlatforms) = postSolution
		{96B18951-01EC-41DF-9CE1-0D0D5EF8481B}.Debug|Any CPU.ActiveCfg = Debug|Any CPU
		{96B18951-01EC-41DF-9CE1-0D0D5EF8481B}.Debug|Any CPU.Build.0 = Debug|Any CPU
		{96B18951-01EC-41DF-9CE1-0D0D5EF8481B}.Release|Any CPU.ActiveCfg = Release|Any CPU
		{96B18951-01EC-41DF-9CE1-0D0D5EF8481B}.Release|Any CPU.Build.0 = Release|Any CPU
		{2B4DE248-DC15-4FA3-A0D5-AE0176F6C101}.Debug|Any CPU.ActiveCfg = Debug|Any CPU
		{2B4DE248-DC15-4FA3-A0D5-AE0176F6C101}.Debug|Any CPU.Build.0 = Debug|Any CPU
		{2B4DE248-DC15-4FA3-A0D5-AE0176F6C101}.Release|Any CPU.ActiveCfg = Release|Any CPU
		{2B4DE248-DC15-4FA3-A0D5-AE0176F6C101}.Release|Any CPU.Build.0 = Release|Any CPU
		{0D3997AE-0A4E-485B-9358-BB65961BE250}.Debug|Any CPU.ActiveCfg = Debug|Any CPU
		{0D3997AE-0A4E-485B-9358-BB65961BE250}.Debug|Any CPU.Build.0 = Debug|Any CPU
		{0D3997AE-0A4E-485B-9358-BB65961BE250}.Release|Any CPU.ActiveCfg = Release|Any CPU
		{0D3997AE-0A4E-485B-9358-BB65961BE250}.Release|Any CPU.Build.0 = Release|Any CPU
	EndGlobalSection
	GlobalSection(SolutionProperties) = preSolution
		HideSolutionNode = FALSE
	EndGlobalSection
	GlobalSection(ExtensibilityGlobals) = postSolution
		SolutionGuid = {A3996697-3770-4757-8F1D-B15AE4578252}
	EndGlobalSection
EndGlobal
